
Microsoft Visual Studio Solution File, Format Version 12.00
# Visual Studio Version 17
VisualStudioVersion = 17.11.35327.3
MinimumVisualStudioVersion = 10.0.40219.1
Project("{FAE04EC0-301F-11D3-BF4B-00C04F79EFBC}") = "NorthWindApi", "NorthWindApi.csproj", "{B0A8EF9D-11EF-4F78-B7AC-CEC4EA350FB7}"
EndProject
Global
	GlobalSection(SolutionConfigurationPlatforms) = preSolution
		Debug|Any CPU = Debug|Any CPU
		Release|Any CPU = Release|Any CPU
	EndGlobalSection
	GlobalSection(ProjectConfigurationPlatforms) = postSolution
		{B0A8EF9D-11EF-4F78-B7AC-CEC4EA350FB7}.Debug|Any CPU.ActiveCfg = Debug|Any CPU
		{B0A8EF9D-11EF-4F78-B7AC-CEC4EA350FB7}.Debug|Any CPU.Build.0 = Debug|Any CPU
		{B0A8EF9D-11EF-4F78-B7AC-CEC4EA350FB7}.Release|Any CPU.ActiveCfg = Release|Any CPU
		{B0A8EF9D-11EF-4F78-B7AC-CEC4EA350FB7}.Release|Any CPU.Build.0 = Release|Any CPU
	EndGlobalSection
	GlobalSection(SolutionProperties) = preSolution
		HideSolutionNode = FALSE
	EndGlobalSection
	GlobalSection(ExtensibilityGlobals) = postSolution
		SolutionGuid = {48FA0357-3C4F-4D41-BB3D-DB958CF22186}
	EndGlobalSection
EndGlobal
